{
    "name": "fullcalendar-component",
    "version": "1.2.0",
    "lockfileVersion": 2,
    "requires": true,
    "packages": {
        "": {
            "name": "fullcalendar-component",
            "version": "1.2.0",
            "dependencies": {
                "@fullcalendar/core": "6.1.10",
                "@fullcalendar/daygrid": "6.1.10",
                "@fullcalendar/interaction": "6.1.10",
                "@fullcalendar/list": "6.1.10",
                "@fullcalendar/multimonth": "6.1.10",
                "@fullcalendar/timegrid": "6.1.10",
                "@fullcalendar/vue3": "6.1.10"
            },
            "devDependencies": {}
        },
        "node_modules/@babel/parser": {
            "version": "7.23.0",
            "license": "MIT",
            "peer": true,
            "bin": {
                "parser": "bin/babel-parser.js"
            },
            "engines": {
                "node": ">=6.0.0"
            }
        },
        "node_modules/@fullcalendar/core": {
            "version": "6.1.10",
            "resolved": "https://registry.npmjs.org/@fullcalendar/core/-/core-6.1.10.tgz",
            "integrity": "sha512-oTXGJSAGpCf1oY+CKp5qYjMHkJCPBkJ3SHitl63n8Q6xKeiwQ4EF6Au451euUovREwJpLmD1AyZrCnWmtB9AVg==",
            "dependencies": {
                "preact": "~10.12.1"
            }
        },
        "node_modules/@fullcalendar/daygrid": {
            "version": "6.1.10",
            "resolved": "https://registry.npmjs.org/@fullcalendar/daygrid/-/daygrid-6.1.10.tgz",
            "integrity": "sha512-Z4GRm1IyHKgxXFTWGcEI0nTsvYOIkpE0aMt3/o3ER2SZkF+hfwcDFhtj0c9+WhMjXFIWYeoTnA9rUOY7Zl/nxA==",
            "peerDependencies": {
                "@fullcalendar/core": "~6.1.10"
            }
        },
        "node_modules/@fullcalendar/interaction": {
            "version": "6.1.10",
            "resolved": "https://registry.npmjs.org/@fullcalendar/interaction/-/interaction-6.1.10.tgz",
            "integrity": "sha512-aZRlwCpmDasq2RNeWV0ub20Uevare9Cb6iMlxCacx0fhOC14H28G9d1FsduJIecInL84SPGwt5ItqAYMsWv7zw==",
            "peerDependencies": {
                "@fullcalendar/core": "~6.1.10"
            }
        },
        "node_modules/@fullcalendar/list": {
            "version": "6.1.10",
            "resolved": "https://registry.npmjs.org/@fullcalendar/list/-/list-6.1.10.tgz",
            "integrity": "sha512-WE4vuSUCzol4tJd0ZP0cNxeyRPaZcsVVYs2I3qdf3OZQkXwDCdSyWEz0Hluf+XZWcZXt21aEYKlxRjwUpQcf4Q==",
            "peerDependencies": {
                "@fullcalendar/core": "~6.1.10"
            }
        },
        "node_modules/@fullcalendar/multimonth": {
            "version": "6.1.10",
            "resolved": "https://registry.npmjs.org/@fullcalendar/multimonth/-/multimonth-6.1.10.tgz",
            "integrity": "sha512-mLGEgD+sv8rNfKphyOCWRQapX7/nAvHgQmDTjuy4STlhHsddCYVmFlsSgF373ph1tXh41wAJUVdNO/pDmCvUfA==",
            "dependencies": {
                "@fullcalendar/daygrid": "~6.1.10"
            },
            "peerDependencies": {
                "@fullcalendar/core": "~6.1.10"
            }
        },
        "node_modules/@fullcalendar/timegrid": {
            "version": "6.1.10",
            "resolved": "https://registry.npmjs.org/@fullcalendar/timegrid/-/timegrid-6.1.10.tgz",
            "integrity": "sha512-hFKyQXJaPbNyq1reZmvkCmM64O99krHoIcJAbDS+dntCm3FzZUcDtAcRKIbMiantHrezCG/1MEYk3m9e3aKvIQ==",
            "dependencies": {
                "@fullcalendar/daygrid": "~6.1.10"
            },
            "peerDependencies": {
                "@fullcalendar/core": "~6.1.10"
            }
        },
        "node_modules/@fullcalendar/vue3": {
            "version": "6.1.10",
            "resolved": "https://registry.npmjs.org/@fullcalendar/vue3/-/vue3-6.1.10.tgz",
            "integrity": "sha512-YMYBQx0TlWNuN4G6ra2dkf5cCF5aVi/2zDLGLvLqe2Nk2o7uNbTkrCSG40061OepWQlJv+hYqm1JukLRmyqi4Q==",
            "peerDependencies": {
                "@fullcalendar/core": "~6.1.10",
                "vue": "^3.0.11"
            }
        },
        "node_modules/@vue/reactivity": {
            "version": "3.2.19",
            "license": "MIT",
            "peer": true,
            "dependencies": {
                "@vue/shared": "3.2.19"
            }
        },
        "node_modules/@vue/reactivity/node_modules/@vue/shared": {
            "version": "3.2.19",
            "license": "MIT",
            "peer": true
        },
        "node_modules/@vue/ref-transform": {
            "version": "3.2.19",
            "license": "MIT",
            "peer": true,
            "dependencies": {
                "@babel/parser": "^7.15.0",
                "@vue/compiler-core": "3.2.19",
                "@vue/shared": "3.2.19",
                "estree-walker": "^2.0.2",
                "magic-string": "^0.25.7"
            }
        },
        "node_modules/@vue/ref-transform/node_modules/@vue/compiler-core": {
            "version": "3.2.19",
            "license": "MIT",
            "peer": true,
            "dependencies": {
                "@babel/parser": "^7.15.0",
                "@vue/shared": "3.2.19",
                "estree-walker": "^2.0.2",
                "source-map": "^0.6.1"
            }
        },
        "node_modules/@vue/ref-transform/node_modules/@vue/shared": {
            "version": "3.2.19",
            "license": "MIT",
            "peer": true
        },
        "node_modules/@vue/runtime-core": {
            "version": "3.2.19",
            "license": "MIT",
            "peer": true,
            "dependencies": {
                "@vue/reactivity": "3.2.19",
                "@vue/shared": "3.2.19"
            }
        },
        "node_modules/@vue/runtime-core/node_modules/@vue/shared": {
            "version": "3.2.19",
            "license": "MIT",
            "peer": true
        },
        "node_modules/@vue/runtime-dom": {
            "version": "3.2.19",
            "license": "MIT",
            "peer": true,
            "dependencies": {
                "@vue/runtime-core": "3.2.19",
                "@vue/shared": "3.2.19",
                "csstype": "^2.6.8"
            }
        },
        "node_modules/@vue/runtime-dom/node_modules/@vue/shared": {
            "version": "3.2.19",
            "license": "MIT",
            "peer": true
        },
        "node_modules/@vue/server-renderer": {
            "version": "3.2.19",
            "license": "MIT",
            "peer": true,
            "dependencies": {
                "@vue/compiler-ssr": "3.2.19",
                "@vue/shared": "3.2.19"
            },
            "peerDependencies": {
                "vue": "3.2.19"
            }
        },
        "node_modules/@vue/server-renderer/node_modules/@vue/compiler-core": {
            "version": "3.2.19",
            "license": "MIT",
            "peer": true,
            "dependencies": {
                "@babel/parser": "^7.15.0",
                "@vue/shared": "3.2.19",
                "estree-walker": "^2.0.2",
                "source-map": "^0.6.1"
            }
        },
        "node_modules/@vue/server-renderer/node_modules/@vue/compiler-dom": {
            "version": "3.2.19",
            "license": "MIT",
            "peer": true,
            "dependencies": {
                "@vue/compiler-core": "3.2.19",
                "@vue/shared": "3.2.19"
            }
        },
        "node_modules/@vue/server-renderer/node_modules/@vue/compiler-ssr": {
            "version": "3.2.19",
            "license": "MIT",
            "peer": true,
            "dependencies": {
                "@vue/compiler-dom": "3.2.19",
                "@vue/shared": "3.2.19"
            }
        },
        "node_modules/@vue/server-renderer/node_modules/@vue/shared": {
            "version": "3.2.19",
            "license": "MIT",
            "peer": true
        },
        "node_modules/csstype": {
            "version": "2.6.21",
            "license": "MIT",
            "peer": true
        },
        "node_modules/estree-walker": {
            "version": "2.0.2",
            "license": "MIT",
            "peer": true
        },
        "node_modules/magic-string": {
            "version": "0.25.9",
            "license": "MIT",
            "peer": true,
            "dependencies": {
                "sourcemap-codec": "^1.4.8"
            }
        },
        "node_modules/nanoid": {
            "version": "3.3.6",
            "funding": [
                {
                    "type": "github",
                    "url": "https://github.com/sponsors/ai"
                }
            ],
            "license": "MIT",
            "peer": true,
            "bin": {
                "nanoid": "bin/nanoid.cjs"
            },
            "engines": {
                "node": "^10 || ^12 || ^13.7 || ^14 || >=15.0.1"
            }
        },
        "node_modules/picocolors": {
            "version": "1.0.0",
            "license": "ISC",
            "peer": true
        },
        "node_modules/postcss": {
            "version": "8.4.24",
            "funding": [
                {
                    "type": "opencollective",
                    "url": "https://opencollective.com/postcss/"
                },
                {
                    "type": "tidelift",
                    "url": "https://tidelift.com/funding/github/npm/postcss"
                },
                {
                    "type": "github",
                    "url": "https://github.com/sponsors/ai"
                }
            ],
            "license": "MIT",
            "peer": true,
            "dependencies": {
                "nanoid": "^3.3.6",
                "picocolors": "^1.0.0",
                "source-map-js": "^1.0.2"
            },
            "engines": {
                "node": "^10 || ^12 || >=14"
            }
        },
        "node_modules/preact": {
            "version": "10.12.1",
            "resolved": "https://registry.npmjs.org/preact/-/preact-10.12.1.tgz",
            "integrity": "sha512-l8386ixSsBdbreOAkqtrwqHwdvR35ID8c3rKPa8lCWuO86dBi32QWHV4vfsZK1utLLFMvw+Z5Ad4XLkZzchscg==",
            "funding": {
                "type": "opencollective",
                "url": "https://opencollective.com/preact"
            }
        },
        "node_modules/source-map": {
            "version": "0.6.1",
            "license": "BSD-3-Clause",
            "peer": true,
            "engines": {
                "node": ">=0.10.0"
            }
        },
        "node_modules/source-map-js": {
            "version": "1.0.2",
            "license": "BSD-3-Clause",
            "peer": true,
            "engines": {
                "node": ">=0.10.0"
            }
        },
        "node_modules/sourcemap-codec": {
            "version": "1.4.8",
            "license": "MIT",
            "peer": true
        },
        "node_modules/vue": {
            "version": "3.2.19",
            "license": "MIT",
            "peer": true,
            "dependencies": {
                "@vue/compiler-dom": "3.2.19",
                "@vue/compiler-sfc": "3.2.19",
                "@vue/runtime-dom": "3.2.19",
                "@vue/server-renderer": "3.2.19",
                "@vue/shared": "3.2.19"
            }
        },
        "node_modules/vue/node_modules/@vue/compiler-core": {
            "version": "3.2.19",
            "license": "MIT",
            "peer": true,
            "dependencies": {
                "@babel/parser": "^7.15.0",
                "@vue/shared": "3.2.19",
                "estree-walker": "^2.0.2",
                "source-map": "^0.6.1"
            }
        },
        "node_modules/vue/node_modules/@vue/compiler-dom": {
            "version": "3.2.19",
            "license": "MIT",
            "peer": true,
            "dependencies": {
                "@vue/compiler-core": "3.2.19",
                "@vue/shared": "3.2.19"
            }
        },
        "node_modules/vue/node_modules/@vue/compiler-sfc": {
            "version": "3.2.19",
            "license": "MIT",
            "peer": true,
            "dependencies": {
                "@babel/parser": "^7.15.0",
                "@vue/compiler-core": "3.2.19",
                "@vue/compiler-dom": "3.2.19",
                "@vue/compiler-ssr": "3.2.19",
                "@vue/ref-transform": "3.2.19",
                "@vue/shared": "3.2.19",
                "estree-walker": "^2.0.2",
                "magic-string": "^0.25.7",
                "postcss": "^8.1.10",
                "source-map": "^0.6.1"
            }
        },
        "node_modules/vue/node_modules/@vue/compiler-ssr": {
            "version": "3.2.19",
            "license": "MIT",
            "peer": true,
            "dependencies": {
                "@vue/compiler-dom": "3.2.19",
                "@vue/shared": "3.2.19"
            }
        },
        "node_modules/vue/node_modules/@vue/shared": {
            "version": "3.2.19",
            "license": "MIT",
            "peer": true
        }
    },
    "dependencies": {
        "@babel/parser": {
            "version": "7.23.0",
            "peer": true
        },
        "@fullcalendar/core": {
            "version": "6.1.10",
            "resolved": "https://registry.npmjs.org/@fullcalendar/core/-/core-6.1.10.tgz",
            "integrity": "sha512-oTXGJSAGpCf1oY+CKp5qYjMHkJCPBkJ3SHitl63n8Q6xKeiwQ4EF6Au451euUovREwJpLmD1AyZrCnWmtB9AVg==",
            "requires": {
                "preact": "~10.12.1"
            }
        },
        "@fullcalendar/daygrid": {
            "version": "6.1.10",
            "resolved": "https://registry.npmjs.org/@fullcalendar/daygrid/-/daygrid-6.1.10.tgz",
            "integrity": "sha512-Z4GRm1IyHKgxXFTWGcEI0nTsvYOIkpE0aMt3/o3ER2SZkF+hfwcDFhtj0c9+WhMjXFIWYeoTnA9rUOY7Zl/nxA==",
            "requires": {}
        },
        "@fullcalendar/interaction": {
            "version": "6.1.10",
            "resolved": "https://registry.npmjs.org/@fullcalendar/interaction/-/interaction-6.1.10.tgz",
            "integrity": "sha512-aZRlwCpmDasq2RNeWV0ub20Uevare9Cb6iMlxCacx0fhOC14H28G9d1FsduJIecInL84SPGwt5ItqAYMsWv7zw==",
            "requires": {}
        },
        "@fullcalendar/list": {
            "version": "6.1.10",
            "resolved": "https://registry.npmjs.org/@fullcalendar/list/-/list-6.1.10.tgz",
            "integrity": "sha512-WE4vuSUCzol4tJd0ZP0cNxeyRPaZcsVVYs2I3qdf3OZQkXwDCdSyWEz0Hluf+XZWcZXt21aEYKlxRjwUpQcf4Q==",
            "requires": {}
        },
        "@fullcalendar/multimonth": {
            "version": "6.1.10",
            "resolved": "https://registry.npmjs.org/@fullcalendar/multimonth/-/multimonth-6.1.10.tgz",
            "integrity": "sha512-mLGEgD+sv8rNfKphyOCWRQapX7/nAvHgQmDTjuy4STlhHsddCYVmFlsSgF373ph1tXh41wAJUVdNO/pDmCvUfA==",
            "requires": {
                "@fullcalendar/daygrid": "~6.1.10"
            }
        },
        "@fullcalendar/timegrid": {
            "version": "6.1.10",
            "resolved": "https://registry.npmjs.org/@fullcalendar/timegrid/-/timegrid-6.1.10.tgz",
            "integrity": "sha512-hFKyQXJaPbNyq1reZmvkCmM64O99krHoIcJAbDS+dntCm3FzZUcDtAcRKIbMiantHrezCG/1MEYk3m9e3aKvIQ==",
            "requires": {
                "@fullcalendar/daygrid": "~6.1.10"
            }
        },
        "@fullcalendar/vue3": {
            "version": "6.1.10",
            "resolved": "https://registry.npmjs.org/@fullcalendar/vue3/-/vue3-6.1.10.tgz",
            "integrity": "sha512-YMYBQx0TlWNuN4G6ra2dkf5cCF5aVi/2zDLGLvLqe2Nk2o7uNbTkrCSG40061OepWQlJv+hYqm1JukLRmyqi4Q==",
            "requires": {}
        },
        "@vue/reactivity": {
            "version": "3.2.19",
            "peer": true,
            "requires": {
                "@vue/shared": "3.2.19"
            },
            "dependencies": {
                "@vue/shared": {
                    "version": "3.2.19",
                    "peer": true
                }
            }
        },
        "@vue/ref-transform": {
            "version": "3.2.19",
            "peer": true,
            "requires": {
                "@babel/parser": "^7.15.0",
                "@vue/compiler-core": "3.2.19",
                "@vue/shared": "3.2.19",
                "estree-walker": "^2.0.2",
                "magic-string": "^0.25.7"
            },
            "dependencies": {
                "@vue/compiler-core": {
                    "version": "3.2.19",
                    "peer": true,
                    "requires": {
                        "@babel/parser": "^7.15.0",
                        "@vue/shared": "3.2.19",
                        "estree-walker": "^2.0.2",
                        "source-map": "^0.6.1"
                    }
                },
                "@vue/shared": {
                    "version": "3.2.19",
                    "peer": true
                }
            }
        },
        "@vue/runtime-core": {
            "version": "3.2.19",
            "peer": true,
            "requires": {
                "@vue/reactivity": "3.2.19",
                "@vue/shared": "3.2.19"
            },
            "dependencies": {
                "@vue/shared": {
                    "version": "3.2.19",
                    "peer": true
                }
            }
        },
        "@vue/runtime-dom": {
            "version": "3.2.19",
            "peer": true,
            "requires": {
                "@vue/runtime-core": "3.2.19",
                "@vue/shared": "3.2.19",
                "csstype": "^2.6.8"
            },
            "dependencies": {
                "@vue/shared": {
                    "version": "3.2.19",
                    "peer": true
                }
            }
        },
        "@vue/server-renderer": {
            "version": "3.2.19",
            "peer": true,
            "requires": {
                "@vue/compiler-ssr": "3.2.19",
                "@vue/shared": "3.2.19"
            },
            "dependencies": {
                "@vue/compiler-core": {
                    "version": "3.2.19",
                    "peer": true,
                    "requires": {
                        "@babel/parser": "^7.15.0",
                        "@vue/shared": "3.2.19",
                        "estree-walker": "^2.0.2",
                        "source-map": "^0.6.1"
                    }
                },
                "@vue/compiler-dom": {
                    "version": "3.2.19",
                    "peer": true,
                    "requires": {
                        "@vue/compiler-core": "3.2.19",
                        "@vue/shared": "3.2.19"
                    }
                },
                "@vue/compiler-ssr": {
                    "version": "3.2.19",
                    "peer": true,
                    "requires": {
                        "@vue/compiler-dom": "3.2.19",
                        "@vue/shared": "3.2.19"
                    }
                },
                "@vue/shared": {
                    "version": "3.2.19",
                    "peer": true
                }
            }
        },
        "csstype": {
            "version": "2.6.21",
            "peer": true
        },
        "estree-walker": {
            "version": "2.0.2",
            "peer": true
        },
        "magic-string": {
            "version": "0.25.9",
            "peer": true,
            "requires": {
                "sourcemap-codec": "^1.4.8"
            }
        },
        "nanoid": {
            "version": "3.3.6",
            "peer": true
        },
        "picocolors": {
            "version": "1.0.0",
            "peer": true
        },
        "postcss": {
            "version": "8.4.24",
            "peer": true,
            "requires": {
                "nanoid": "^3.3.6",
                "picocolors": "^1.0.0",
                "source-map-js": "^1.0.2"
            }
        },
        "preact": {
            "version": "10.12.1",
            "resolved": "https://registry.npmjs.org/preact/-/preact-10.12.1.tgz",
            "integrity": "sha512-l8386ixSsBdbreOAkqtrwqHwdvR35ID8c3rKPa8lCWuO86dBi32QWHV4vfsZK1utLLFMvw+Z5Ad4XLkZzchscg=="
        },
        "source-map": {
            "version": "0.6.1",
            "peer": true
        },
        "source-map-js": {
            "version": "1.0.2",
            "peer": true
        },
        "sourcemap-codec": {
            "version": "1.4.8",
            "peer": true
        },
        "vue": {
            "version": "3.2.19",
            "peer": true,
            "requires": {
                "@vue/compiler-dom": "3.2.19",
                "@vue/compiler-sfc": "3.2.19",
                "@vue/runtime-dom": "3.2.19",
                "@vue/server-renderer": "3.2.19",
                "@vue/shared": "3.2.19"
            },
            "dependencies": {
                "@vue/compiler-core": {
                    "version": "3.2.19",
                    "peer": true,
                    "requires": {
                        "@babel/parser": "^7.15.0",
                        "@vue/shared": "3.2.19",
                        "estree-walker": "^2.0.2",
                        "source-map": "^0.6.1"
                    }
                },
                "@vue/compiler-dom": {
                    "version": "3.2.19",
                    "peer": true,
                    "requires": {
                        "@vue/compiler-core": "3.2.19",
                        "@vue/shared": "3.2.19"
                    }
                },
                "@vue/compiler-sfc": {
                    "version": "3.2.19",
                    "peer": true,
                    "requires": {
                        "@babel/parser": "^7.15.0",
                        "@vue/compiler-core": "3.2.19",
                        "@vue/compiler-dom": "3.2.19",
                        "@vue/compiler-ssr": "3.2.19",
                        "@vue/ref-transform": "3.2.19",
                        "@vue/shared": "3.2.19",
                        "estree-walker": "^2.0.2",
                        "magic-string": "^0.25.7",
                        "postcss": "^8.1.10",
                        "source-map": "^0.6.1"
                    }
                },
                "@vue/compiler-ssr": {
                    "version": "3.2.19",
                    "peer": true,
                    "requires": {
                        "@vue/compiler-dom": "3.2.19",
                        "@vue/shared": "3.2.19"
                    }
                },
                "@vue/shared": {
                    "version": "3.2.19",
                    "peer": true
                }
            }
        }
    }
}
